
Microsoft Visual Studio Solution File, Format Version 12.00
# Visual Studio 14
VisualStudioVersion = 14.0.25420.1
MinimumVisualStudioVersion = 10.0.40219.1
Project("{FAE04EC0-301F-11D3-BF4B-00C04F79EFBC}") = "eZcad_AddinManager", "eZcad_AddinManager\eZcad_AddinManager.csproj", "{835FA817-EBE4-4C2B-91D4-A6B945878105}"
EndProject
Project("{FAE04EC0-301F-11D3-BF4B-00C04F79EFBC}") = "RESD", "RESD\RESD.csproj", "{9F3B3C1D-DCD2-4E9C-9FE1-8CE3EA7BB160}"
EndProject
Project("{FAE04EC0-301F-11D3-BF4B-00C04F79EFBC}") = "RESD_Register", "RESD\RESD_Register\RESD_Register.csproj", "{A70160DF-0AA8-4BD2-88B6-C8E34D870658}"
EndProject
Project("{FAE04EC0-301F-11D3-BF4B-00C04F79EFBC}") = "eZcadTools", "eZcadTools\eZcadTools.csproj", "{B163CA0A-A130-492E-8F8F-3DF359CCD391}"
EndProject
Project("{FAE04EC0-301F-11D3-BF4B-00C04F79EFBC}") = "eZcadDebuger", "eZcadDebuger\eZcadDebuger.csproj", "{D1B63AC0-DF3E-4A1B-8471-0C6C1A8880DE}"
EndProject
Project("{FAE04EC0-301F-11D3-BF4B-00C04F79EFBC}") = "eZcad", "eZcad\eZcad.csproj", "{0B5104FC-8456-4D45-BA7B-2278BB090067}"
EndProject
Global
	GlobalSection(SolutionConfigurationPlatforms) = preSolution
		Debug|Any CPU = Debug|Any CPU
		Debug|x64 = Debug|x64
		Debug|x86 = Debug|x86
		Release|Any CPU = Release|Any CPU
		Release|x64 = Release|x64
		Release|x86 = Release|x86
	EndGlobalSection
	GlobalSection(ProjectConfigurationPlatforms) = postSolution
		{835FA817-EBE4-4C2B-91D4-A6B945878105}.Debug|Any CPU.ActiveCfg = Debug|Any CPU
		{835FA817-EBE4-4C2B-91D4-A6B945878105}.Debug|Any CPU.Build.0 = Debug|Any CPU
		{835FA817-EBE4-4C2B-91D4-A6B945878105}.Debug|x64.ActiveCfg = Debug|x64
		{835FA817-EBE4-4C2B-91D4-A6B945878105}.Debug|x64.Build.0 = Debug|x64
		{835FA817-EBE4-4C2B-91D4-A6B945878105}.Debug|x86.ActiveCfg = Debug|Any CPU
		{835FA817-EBE4-4C2B-91D4-A6B945878105}.Debug|x86.Build.0 = Debug|Any CPU
		{835FA817-EBE4-4C2B-91D4-A6B945878105}.Release|Any CPU.ActiveCfg = Release|Any CPU
		{835FA817-EBE4-4C2B-91D4-A6B945878105}.Release|Any CPU.Build.0 = Release|Any CPU
		{835FA817-EBE4-4C2B-91D4-A6B945878105}.Release|x64.ActiveCfg = Release|x64
		{835FA817-EBE4-4C2B-91D4-A6B945878105}.Release|x64.Build.0 = Release|x64
		{835FA817-EBE4-4C2B-91D4-A6B945878105}.Release|x86.ActiveCfg = Release|Any CPU
		{835FA817-EBE4-4C2B-91D4-A6B945878105}.Release|x86.Build.0 = Release|Any CPU
		{9F3B3C1D-DCD2-4E9C-9FE1-8CE3EA7BB160}.Debug|Any CPU.ActiveCfg = Debug|Any CPU
		{9F3B3C1D-DCD2-4E9C-9FE1-8CE3EA7BB160}.Debug|Any CPU.Build.0 = Debug|Any CPU
		{9F3B3C1D-DCD2-4E9C-9FE1-8CE3EA7BB160}.Debug|x64.ActiveCfg = Debug|x64
		{9F3B3C1D-DCD2-4E9C-9FE1-8CE3EA7BB160}.Debug|x64.Build.0 = Debug|x64
		{9F3B3C1D-DCD2-4E9C-9FE1-8CE3EA7BB160}.Debug|x86.ActiveCfg = Debug|Any CPU
		{9F3B3C1D-DCD2-4E9C-9FE1-8CE3EA7BB160}.Debug|x86.Build.0 = Debug|Any CPU
		{9F3B3C1D-DCD2-4E9C-9FE1-8CE3EA7BB160}.Release|Any CPU.ActiveCfg = Release|Any CPU
		{9F3B3C1D-DCD2-4E9C-9FE1-8CE3EA7BB160}.Release|Any CPU.Build.0 = Release|Any CPU
		{9F3B3C1D-DCD2-4E9C-9FE1-8CE3EA7BB160}.Release|x64.ActiveCfg = Release|Any CPU
		{9F3B3C1D-DCD2-4E9C-9FE1-8CE3EA7BB160}.Release|x64.Build.0 = Release|Any CPU
		{9F3B3C1D-DCD2-4E9C-9FE1-8CE3EA7BB160}.Release|x86.ActiveCfg = Release|Any CPU
		{9F3B3C1D-DCD2-4E9C-9FE1-8CE3EA7BB160}.Release|x86.Build.0 = Release|Any CPU
		{A70160DF-0AA8-4BD2-88B6-C8E34D870658}.Debug|Any CPU.ActiveCfg = Debug|Any CPU
		{A70160DF-0AA8-4BD2-88B6-C8E34D870658}.Debug|Any CPU.Build.0 = Debug|Any CPU
		{A70160DF-0AA8-4BD2-88B6-C8E34D870658}.Debug|x64.ActiveCfg = Debug|x64
		{A70160DF-0AA8-4BD2-88B6-C8E34D870658}.Debug|x64.Build.0 = Debug|x64
		{A70160DF-0AA8-4BD2-88B6-C8E34D870658}.Debug|x86.ActiveCfg = Debug|Any CPU
		{A70160DF-0AA8-4BD2-88B6-C8E34D870658}.Debug|x86.Build.0 = Debug|Any CPU
		{A70160DF-0AA8-4BD2-88B6-C8E34D870658}.Release|Any CPU.ActiveCfg = Release|Any CPU
		{A70160DF-0AA8-4BD2-88B6-C8E34D870658}.Release|Any CPU.Build.0 = Release|Any CPU
		{A70160DF-0AA8-4BD2-88B6-C8E34D870658}.Release|x64.ActiveCfg = Release|x64
		{A70160DF-0AA8-4BD2-88B6-C8E34D870658}.Release|x64.Build.0 = Release|x64
		{A70160DF-0AA8-4BD2-88B6-C8E34D870658}.Release|x86.ActiveCfg = Release|Any CPU
		{A70160DF-0AA8-4BD2-88B6-C8E34D870658}.Release|x86.Build.0 = Release|Any CPU
		{B163CA0A-A130-492E-8F8F-3DF359CCD391}.Debug|Any CPU.ActiveCfg = Debug|Any CPU
		{B163CA0A-A130-492E-8F8F-3DF359CCD391}.Debug|Any CPU.Build.0 = Debug|Any CPU
		{B163CA0A-A130-492E-8F8F-3DF359CCD391}.Debug|x64.ActiveCfg = Debug|x64
		{B163CA0A-A130-492E-8F8F-3DF359CCD391}.Debug|x64.Build.0 = Debug|x64
		{B163CA0A-A130-492E-8F8F-3DF359CCD391}.Debug|x86.ActiveCfg = Debug|Any CPU
		{B163CA0A-A130-492E-8F8F-3DF359CCD391}.Debug|x86.Build.0 = Debug|Any CPU
		{B163CA0A-A130-492E-8F8F-3DF359CCD391}.Release|Any CPU.ActiveCfg = Release|Any CPU
		{B163CA0A-A130-492E-8F8F-3DF359CCD391}.Release|Any CPU.Build.0 = Release|Any CPU
		{B163CA0A-A130-492E-8F8F-3DF359CCD391}.Release|x64.ActiveCfg = Release|x64
		{B163CA0A-A130-492E-8F8F-3DF359CCD391}.Release|x64.Build.0 = Release|x64
		{B163CA0A-A130-492E-8F8F-3DF359CCD391}.Release|x86.ActiveCfg = Release|Any CPU
		{B163CA0A-A130-492E-8F8F-3DF359CCD391}.Release|x86.Build.0 = Release|Any CPU
		{D1B63AC0-DF3E-4A1B-8471-0C6C1A8880DE}.Debug|Any CPU.ActiveCfg = Debug|Any CPU
		{D1B63AC0-DF3E-4A1B-8471-0C6C1A8880DE}.Debug|Any CPU.Build.0 = Debug|Any CPU
		{D1B63AC0-DF3E-4A1B-8471-0C6C1A8880DE}.Debug|x64.ActiveCfg = Debug|x64
		{D1B63AC0-DF3E-4A1B-8471-0C6C1A8880DE}.Debug|x64.Build.0 = Debug|x64
		{D1B63AC0-DF3E-4A1B-8471-0C6C1A8880DE}.Debug|x86.ActiveCfg = Debug|Any CPU
		{D1B63AC0-DF3E-4A1B-8471-0C6C1A8880DE}.Debug|x86.Build.0 = Debug|Any CPU
		{D1B63AC0-DF3E-4A1B-8471-0C6C1A8880DE}.Release|Any CPU.ActiveCfg = Release|Any CPU
		{D1B63AC0-DF3E-4A1B-8471-0C6C1A8880DE}.Release|Any CPU.Build.0 = Release|Any CPU
		{D1B63AC0-DF3E-4A1B-8471-0C6C1A8880DE}.Release|x64.ActiveCfg = Release|x64
		{D1B63AC0-DF3E-4A1B-8471-0C6C1A8880DE}.Release|x64.Build.0 = Release|x64
		{D1B63AC0-DF3E-4A1B-8471-0C6C1A8880DE}.Release|x86.ActiveCfg = Release|Any CPU
		{D1B63AC0-DF3E-4A1B-8471-0C6C1A8880DE}.Release|x86.Build.0 = Release|Any CPU
		{0B5104FC-8456-4D45-BA7B-2278BB090067}.Debug|Any CPU.ActiveCfg = Debug|Any CPU
		{0B5104FC-8456-4D45-BA7B-2278BB090067}.Debug|Any CPU.Build.0 = Debug|Any CPU
		{0B5104FC-8456-4D45-BA7B-2278BB090067}.Debug|x64.ActiveCfg = Debug|x64
		{0B5104FC-8456-4D45-BA7B-2278BB090067}.Debug|x64.Build.0 = Debug|x64
		{0B5104FC-8456-4D45-BA7B-2278BB090067}.Debug|x86.ActiveCfg = Debug|Any CPU
		{0B5104FC-8456-4D45-BA7B-2278BB090067}.Debug|x86.Build.0 = Debug|Any CPU
		{0B5104FC-8456-4D45-BA7B-2278BB090067}.Release|Any CPU.ActiveCfg = Release|Any CPU
		{0B5104FC-8456-4D45-BA7B-2278BB090067}.Release|Any CPU.Build.0 = Release|Any CPU
		{0B5104FC-8456-4D45-BA7B-2278BB090067}.Release|x64.ActiveCfg = Release|x64
		{0B5104FC-8456-4D45-BA7B-2278BB090067}.Release|x64.Build.0 = Release|x64
		{0B5104FC-8456-4D45-BA7B-2278BB090067}.Release|x86.ActiveCfg = Release|Any CPU
		{0B5104FC-8456-4D45-BA7B-2278BB090067}.Release|x86.Build.0 = Release|Any CPU
	EndGlobalSection
	GlobalSection(SolutionProperties) = preSolution
		HideSolutionNode = FALSE
	EndGlobalSection
EndGlobal
